<?xml version="1.0" encoding="utf-8"?>
<Project ToolsVersion="4.0" xmlns="http://schemas.microsoft.com/developer/msbuild/2003">
  <ItemGroup>
    <Filter Include="Source Files">
      <UniqueIdentifier>{4FC737F1-C7A5-4376-A066-2A32D752A2FF}</UniqueIdentifier>
      <Extensions>cpp;c;cc;cxx;def;odl;idl;hpj;bat;asm;asmx</Extensions>
    </Filter>
    <Filter Include="Header Files">
      <UniqueIdentifier>{93995380-89BD-4b04-88EB-625FBE52EBFB}</UniqueIdentifier>
      <Extensions>h;hh;hpp;hxx;hm;inl;inc;ipp;xsd</Extensions>
    </Filter>
    <Filter Include="Resource Files">
      <UniqueIdentifier>{67DA6AB6-F800-4c08-8B7A-83BB121AAD01}</UniqueIdentifier>
      <Extensions>rc;ico;cur;bmp;dlg;rc2;rct;bin;rgs;gif;jpg;jpeg;jpe;resx;tiff;tif;png;wav;mfcribbon-ms</Extensions>
    </Filter>
    <Filter Include="Header Files\AntlrGeneratedParserHeaders">
      <UniqueIdentifier>{bd8bdf8a-c87a-45e8-9826-cf6469413a32}</UniqueIdentifier>
    </Filter>
    <Filter Include="Source Files\AntlrGeneratedParserSources">
      <UniqueIdentifier>{807e3c70-8e02-4abf-a598-a448a11592ed}</UniqueIdentifier>
    </Filter>
  </ItemGroup>
  <ItemGroup>
    <ClInclude Include="stdafx.h">
      <Filter>Header Files</Filter>
    </ClInclude>
    <ClInclude Include="targetver.h">
      <Filter>Header Files</Filter>
    </ClInclude>
    <ClInclude Include="..\util.h">
      <Filter>Header Files</Filter>
    </ClInclude>
    <ClInclude Include="AstElements.h">
      <Filter>Header Files</Filter>
    </ClInclude>
    <ClInclude Include="$(IntermediateOutputPath)\antlr_parser\TitaniumNativeBaseListener.h">
      <Filter>Header Files\AntlrGeneratedParserHeaders</Filter>
    </ClInclude>
    <ClInclude Include="$(IntermediateOutputPath)\antlr_parser\TitaniumNativeBaseVisitor.h">
      <Filter>Header Files\AntlrGeneratedParserHeaders</Filter>
    </ClInclude>
    <ClInclude Include="$(IntermediateOutputPath)\antlr_parser\TitaniumNativeLexer.h">
      <Filter>Header Files\AntlrGeneratedParserHeaders</Filter>
    </ClInclude>
    <ClInclude Include="$(IntermediateOutputPath)\antlr_parser\TitaniumNativeListener.h">
      <Filter>Header Files\AntlrGeneratedParserHeaders</Filter>
    </ClInclude>
    <ClInclude Include="$(IntermediateOutputPath)\antlr_parser\TitaniumNativeParser.h">
      <Filter>Header Files\AntlrGeneratedParserHeaders</Filter>
    </ClInclude>
    <ClInclude Include="$(IntermediateOutputPath)\antlr_parser\TitaniumNativeVisitor.h">
      <Filter>Header Files\AntlrGeneratedParserHeaders</Filter>
    </ClInclude>
    <ClInclude Include="TitaniumAntlrVisitor.h">
      <Filter>Header Files</Filter>
    </ClInclude>
    <ClInclude Include="TitaniumAntlrErrorListener.h">
      <Filter>Header Files</Filter>
    </ClInclude>
    <ClInclude Include="parse.h">
      <Filter>Header Files</Filter>
    </ClInclude>
  </ItemGroup>
  <ItemGroup>
    <ClCompile Include="stdafx.cpp">
      <Filter>Source Files</Filter>
    </ClCompile>
    <ClCompile Include="titanium_native.cpp">
      <Filter>Source Files</Filter>
    </ClCompile>
    <ClCompile Include="$(IntermediateOutputPath)\antlr_parser\TitaniumNativeBaseListener.cpp">
      <Filter>Source Files\AntlrGeneratedParserSources</Filter>
    </ClCompile>
    <ClCompile Include="$(IntermediateOutputPath)\antlr_parser\TitaniumNativeBaseVisitor.cpp">
      <Filter>Source Files\AntlrGeneratedParserSources</Filter>
    </ClCompile>
    <ClCompile Include="$(IntermediateOutputPath)\antlr_parser\TitaniumNativeLexer.cpp">
      <Filter>Source Files\AntlrGeneratedParserSources</Filter>
    </ClCompile>
    <ClCompile Include="$(IntermediateOutputPath)\antlr_parser\TitaniumNativeListener.cpp">
      <Filter>Source Files\AntlrGeneratedParserSources</Filter>
    </ClCompile>
    <ClCompile Include="$(IntermediateOutputPath)\antlr_parser\TitaniumNativeParser.cpp">
      <Filter>Source Files\AntlrGeneratedParserSources</Filter>
    </ClCompile>
    <ClCompile Include="$(IntermediateOutputPath)\antlr_parser\TitaniumNativeVisitor.cpp">
      <Filter>Source Files\AntlrGeneratedParserSources</Filter>
    </ClCompile>
    <ClCompile Include="parse.cpp">
      <Filter>Source Files</Filter>
    </ClCompile>
  </ItemGroup>
</Project>